
Microsoft Visual Studio Solution File, Format Version 12.00
# Visual Studio Version 16
VisualStudioVersion = 16.0.30011.22
MinimumVisualStudioVersion = 10.0.40219.1
Project("{FAE04EC0-301F-11D3-BF4B-00C04F79EFBC}") = "BCP.Angular", "BCP.Angular\BCP.Angular.csproj", "{3FB7B59A-DADD-4F64-B561-978CF7181F45}"
EndProject
Global
	GlobalSection(SolutionConfigurationPlatforms) = preSolution
		Debug|Any CPU = Debug|Any CPU
		Release|Any CPU = Release|Any CPU
	EndGlobalSection
	GlobalSection(ProjectConfigurationPlatforms) = postSolution
		{3FB7B59A-DADD-4F64-B561-978CF7181F45}.Debug|Any CPU.ActiveCfg = Debug|Any CPU
		{3FB7B59A-DADD-4F64-B561-978CF7181F45}.Debug|Any CPU.Build.0 = Debug|Any CPU
		{3FB7B59A-DADD-4F64-B561-978CF7181F45}.Release|Any CPU.ActiveCfg = Release|Any CPU
		{3FB7B59A-DADD-4F64-B561-978CF7181F45}.Release|Any CPU.Build.0 = Release|Any CPU
	EndGlobalSection
	GlobalSection(SolutionProperties) = preSolution
		HideSolutionNode = FALSE
	EndGlobalSection
	GlobalSection(ExtensibilityGlobals) = postSolution
		SolutionGuid = {C5A4D30C-9F30-4599-A394-64C6E0408CD2}
	EndGlobalSection
EndGlobal
